
Microsoft Visual Studio Solution File, Format Version 12.00
# Visual Studio 15
VisualStudioVersion = 15.0.27130.2024
MinimumVisualStudioVersion = 10.0.40219.1
Project("{9A19103F-16F7-4668-BE54-9A1E7A4F7556}") = "OAuthTryGithub", "OAuthTryGithub.csproj", "{40D31C68-13AF-41DB-B4A0-03413891AA87}"
EndProject
Global
	GlobalSection(SolutionConfigurationPlatforms) = preSolution
		Debug|Any CPU = Debug|Any CPU
		Release|Any CPU = Release|Any CPU
	EndGlobalSection
	GlobalSection(ProjectConfigurationPlatforms) = postSolution
		{40D31C68-13AF-41DB-B4A0-03413891AA87}.Debug|Any CPU.ActiveCfg = Debug|Any CPU
		{40D31C68-13AF-41DB-B4A0-03413891AA87}.Debug|Any CPU.Build.0 = Debug|Any CPU
		{40D31C68-13AF-41DB-B4A0-03413891AA87}.Release|Any CPU.ActiveCfg = Release|Any CPU
		{40D31C68-13AF-41DB-B4A0-03413891AA87}.Release|Any CPU.Build.0 = Release|Any CPU
	EndGlobalSection
	GlobalSection(SolutionProperties) = preSolution
		HideSolutionNode = FALSE
	EndGlobalSection
	GlobalSection(ExtensibilityGlobals) = postSolution
		SolutionGuid = {58D20AB8-88E2-4108-9C73-A30A29BE11E0}
	EndGlobalSection
EndGlobal
